
Microsoft Visual Studio Solution File, Format Version 12.00
# Visual Studio Version 17
VisualStudioVersion = 17.3.32901.215
MinimumVisualStudioVersion = 10.0.40219.1
Project("{FAE04EC0-301F-11D3-BF4B-00C04F79EFBC}") = "manav", "manav\manav.csproj", "{5D0E2E0B-B25B-45BE-9B11-352DD7D98769}"
EndProject
Global
	GlobalSection(SolutionConfigurationPlatforms) = preSolution
		Debug|Any CPU = Debug|Any CPU
		Release|Any CPU = Release|Any CPU
	EndGlobalSection
	GlobalSection(ProjectConfigurationPlatforms) = postSolution
		{5D0E2E0B-B25B-45BE-9B11-352DD7D98769}.Debug|Any CPU.ActiveCfg = Debug|Any CPU
		{5D0E2E0B-B25B-45BE-9B11-352DD7D98769}.Debug|Any CPU.Build.0 = Debug|Any CPU
		{5D0E2E0B-B25B-45BE-9B11-352DD7D98769}.Release|Any CPU.ActiveCfg = Release|Any CPU
		{5D0E2E0B-B25B-45BE-9B11-352DD7D98769}.Release|Any CPU.Build.0 = Release|Any CPU
	EndGlobalSection
	GlobalSection(SolutionProperties) = preSolution
		HideSolutionNode = FALSE
	EndGlobalSection
	GlobalSection(ExtensibilityGlobals) = postSolution
		SolutionGuid = {4490F5AF-FB36-41D1-AF4F-5A8E452E78AF}
	EndGlobalSection
EndGlobal
