
Microsoft Visual Studio Solution File, Format Version 12.00
# Visual Studio Version 17
VisualStudioVersion = 17.3.32901.215
MinimumVisualStudioVersion = 10.0.40219.1
Project("{FAE04EC0-301F-11D3-BF4B-00C04F79EFBC}") = "merhaba", "merhaba\merhaba.csproj", "{84983B92-C695-4D74-9F27-122A06C1FD62}"
EndProject
Global
	GlobalSection(SolutionConfigurationPlatforms) = preSolution
		Debug|Any CPU = Debug|Any CPU
		Release|Any CPU = Release|Any CPU
	EndGlobalSection
	GlobalSection(ProjectConfigurationPlatforms) = postSolution
		{84983B92-C695-4D74-9F27-122A06C1FD62}.Debug|Any CPU.ActiveCfg = Debug|Any CPU
		{84983B92-C695-4D74-9F27-122A06C1FD62}.Debug|Any CPU.Build.0 = Debug|Any CPU
		{84983B92-C695-4D74-9F27-122A06C1FD62}.Release|Any CPU.ActiveCfg = Release|Any CPU
		{84983B92-C695-4D74-9F27-122A06C1FD62}.Release|Any CPU.Build.0 = Release|Any CPU
	EndGlobalSection
	GlobalSection(SolutionProperties) = preSolution
		HideSolutionNode = FALSE
	EndGlobalSection
	GlobalSection(ExtensibilityGlobals) = postSolution
		SolutionGuid = {AD1192E4-36E3-4B6B-9A58-9DE445E19D2B}
	EndGlobalSection
EndGlobal
