
Microsoft Visual Studio Solution File, Format Version 12.00
# Visual Studio Version 17
VisualStudioVersion = 17.3.32901.215
MinimumVisualStudioVersion = 10.0.40219.1
Project("{FAE04EC0-301F-11D3-BF4B-00C04F79EFBC}") = "hesapmakinesi", "hesapmakinesi\hesapmakinesi.csproj", "{14EE39A4-9B18-48EF-B551-8290B3D7C9C0}"
EndProject
Global
	GlobalSection(SolutionConfigurationPlatforms) = preSolution
		Debug|Any CPU = Debug|Any CPU
		Release|Any CPU = Release|Any CPU
	EndGlobalSection
	GlobalSection(ProjectConfigurationPlatforms) = postSolution
		{14EE39A4-9B18-48EF-B551-8290B3D7C9C0}.Debug|Any CPU.ActiveCfg = Debug|Any CPU
		{14EE39A4-9B18-48EF-B551-8290B3D7C9C0}.Debug|Any CPU.Build.0 = Debug|Any CPU
		{14EE39A4-9B18-48EF-B551-8290B3D7C9C0}.Release|Any CPU.ActiveCfg = Release|Any CPU
		{14EE39A4-9B18-48EF-B551-8290B3D7C9C0}.Release|Any CPU.Build.0 = Release|Any CPU
	EndGlobalSection
	GlobalSection(SolutionProperties) = preSolution
		HideSolutionNode = FALSE
	EndGlobalSection
	GlobalSection(ExtensibilityGlobals) = postSolution
		SolutionGuid = {53D9A271-100D-4657-B502-05CFD353E02F}
	EndGlobalSection
EndGlobal
